
Microsoft Visual Studio Solution File, Format Version 12.00
# Visual Studio Version 17
VisualStudioVersion = 17.9.34616.47
MinimumVisualStudioVersion = 10.0.40219.1
Project("{FAE04EC0-301F-11D3-BF4B-00C04F79EFBC}") = "EmployeeManagement", "EmployeeManagement\EmployeeManagement.csproj", "{0BC34D35-B252-4AAA-8837-FE616333F762}"
EndProject
Global
	GlobalSection(SolutionConfigurationPlatforms) = preSolution
		Debug|Any CPU = Debug|Any CPU
		Release|Any CPU = Release|Any CPU
	EndGlobalSection
	GlobalSection(ProjectConfigurationPlatforms) = postSolution
		{0BC34D35-B252-4AAA-8837-FE616333F762}.Debug|Any CPU.ActiveCfg = Debug|Any CPU
		{0BC34D35-B252-4AAA-8837-FE616333F762}.Debug|Any CPU.Build.0 = Debug|Any CPU
		{0BC34D35-B252-4AAA-8837-FE616333F762}.Release|Any CPU.ActiveCfg = Release|Any CPU
		{0BC34D35-B252-4AAA-8837-FE616333F762}.Release|Any CPU.Build.0 = Release|Any CPU
	EndGlobalSection
	GlobalSection(SolutionProperties) = preSolution
		HideSolutionNode = FALSE
	EndGlobalSection
	GlobalSection(ExtensibilityGlobals) = postSolution
		SolutionGuid = {2004C514-B3EA-4798-AF6A-86499166C643}
	EndGlobalSection
EndGlobal
